
Microsoft Visual Studio Solution File, Format Version 12.00
# Visual Studio 14
VisualStudioVersion = 14.0.25420.1
MinimumVisualStudioVersion = 10.0.40219.1
Project("{FAE04EC0-301F-11D3-BF4B-00C04F79EFBC}") = "WebCrawler.Core", "WebCrawler.Core\WebCrawler.Core.csproj", "{13320A5B-6D18-44A3-B124-94DF3ACD692B}"
EndProject
Project("{FAE04EC0-301F-11D3-BF4B-00C04F79EFBC}") = "WebCrawler.Model", "WebCrawler.Model\WebCrawler.Model.csproj", "{97FC90C6-6311-4E71-82A4-C52A632E84BA}"
EndProject
Project("{FAE04EC0-301F-11D3-BF4B-00C04F79EFBC}") = "WebCrawler.Test", "WebCrawler.Test\WebCrawler.Test.csproj", "{9F243860-211D-47AF-BE86-E5F6605F3FFE}"
EndProject
Global
	GlobalSection(SolutionConfigurationPlatforms) = preSolution
		Debug|Any CPU = Debug|Any CPU
		Release|Any CPU = Release|Any CPU
	EndGlobalSection
	GlobalSection(ProjectConfigurationPlatforms) = postSolution
		{13320A5B-6D18-44A3-B124-94DF3ACD692B}.Debug|Any CPU.ActiveCfg = Debug|Any CPU
		{13320A5B-6D18-44A3-B124-94DF3ACD692B}.Debug|Any CPU.Build.0 = Debug|Any CPU
		{13320A5B-6D18-44A3-B124-94DF3ACD692B}.Release|Any CPU.ActiveCfg = Release|Any CPU
		{13320A5B-6D18-44A3-B124-94DF3ACD692B}.Release|Any CPU.Build.0 = Release|Any CPU
		{97FC90C6-6311-4E71-82A4-C52A632E84BA}.Debug|Any CPU.ActiveCfg = Debug|Any CPU
		{97FC90C6-6311-4E71-82A4-C52A632E84BA}.Debug|Any CPU.Build.0 = Debug|Any CPU
		{97FC90C6-6311-4E71-82A4-C52A632E84BA}.Release|Any CPU.ActiveCfg = Release|Any CPU
		{97FC90C6-6311-4E71-82A4-C52A632E84BA}.Release|Any CPU.Build.0 = Release|Any CPU
		{9F243860-211D-47AF-BE86-E5F6605F3FFE}.Debug|Any CPU.ActiveCfg = Debug|Any CPU
		{9F243860-211D-47AF-BE86-E5F6605F3FFE}.Debug|Any CPU.Build.0 = Debug|Any CPU
		{9F243860-211D-47AF-BE86-E5F6605F3FFE}.Release|Any CPU.ActiveCfg = Release|Any CPU
		{9F243860-211D-47AF-BE86-E5F6605F3FFE}.Release|Any CPU.Build.0 = Release|Any CPU
	EndGlobalSection
	GlobalSection(SolutionProperties) = preSolution
		HideSolutionNode = FALSE
	EndGlobalSection
EndGlobal
